# generated by rye
# use `rye lock` or `rye sync` to update this lockfile
#
# last locked with the following flags:
#   pre: false
#   features: []
#   all-features: false
#   with-sources: false
#   generate-hashes: false
#   universal: true

absl-py==2.1.0
    # via rouge-score
    # via tensorboard
accelerate==1.0.1
    # via llamafactory
    # via lm-eval
    # via peft
    # via trl
aiofiles==23.2.1
    # via gradio
aiohappyeyeballs==2.4.4
    # via aiohttp
aiohttp==3.11.10
    # via datasets
    # via fsspec
aiosignal==1.3.2
    # via aiohttp
alembic==1.14.0
    # via mlflow
annotated-types==0.7.0
    # via pydantic
antlr4-python3-runtime==4.9.3
    # via hydra-core
    # via omegaconf
anyio==4.7.0
    # via gradio
    # via httpx
    # via openai
    # via sse-starlette
    # via starlette
    # via watchfiles
async-timeout==5.0.1 ; python_full_version < '3.11'
    # via aiohttp
attrs==24.2.0
    # via aiohttp
    # via jsonlines
audioread==3.0.1
    # via librosa
av==14.0.1
    # via llamafactory
bitsandbytes==0.42.0
    # via litgpt
blinker==1.9.0
    # via flask
boto3==1.35.81
    # via litdata
botocore==1.35.81
    # via boto3
    # via s3transfer
cachetools==5.5.0
    # via google-auth
    # via mlflow-skinny
    # via nvitop
certifi==2024.12.14
    # via httpcore
    # via httpx
    # via requests
cffi==1.17.1
    # via soundfile
    # via zstandard
chardet==5.2.0
    # via mbstrdecoder
charset-normalizer==3.4.0
    # via requests
click==8.1.7
    # via flask
    # via mlflow-skinny
    # via nltk
    # via typer
    # via uvicorn
cloudpickle==3.1.0
    # via mlflow-skinny
colorama==0.4.6
    # via click
    # via colorlog
    # via nvitop
    # via sacrebleu
    # via tqdm
    # via tqdm-multiprocess
    # via tyro
    # via uvicorn
colorlog==6.9.0
    # via hydra-colorlog
contourpy==1.3.1
    # via matplotlib
cycler==0.12.1
    # via matplotlib
databricks-sdk==0.39.0
    # via mlflow-skinny
dataproperty==1.0.1
    # via pytablewriter
    # via tabledata
datasets==3.1.0
    # via evaluate
    # via litgpt
    # via llamafactory
    # via lm-eval
    # via trl
decorator==5.1.1
    # via librosa
    # via moviepy
deprecated==1.2.15
    # via opentelemetry-api
    # via opentelemetry-semantic-conventions
dill==0.3.8
    # via datasets
    # via evaluate
    # via lm-eval
    # via multiprocess
distro==1.9.0
    # via openai
docker==7.1.0
    # via mlflow
docstring-parser==0.16
    # via jsonargparse
    # via tyro
einops==0.8.0
    # via llamafactory
evaluate==0.4.3
    # via lm-eval
exceptiongroup==1.2.2 ; python_full_version < '3.11'
    # via anyio
fastapi==0.115.6
    # via gradio
    # via litserve
    # via llamafactory
ffmpy==0.4.0
    # via gradio
filelock==3.16.1
    # via datasets
    # via huggingface-hub
    # via litdata
    # via torch
    # via transformers
    # via triton
fire==0.7.0
    # via llamafactory
flask==3.1.0
    # via mlflow
fonttools==4.55.3
    # via matplotlib
frozenlist==1.5.0
    # via aiohttp
    # via aiosignal
fsspec==2024.9.0
    # via datasets
    # via evaluate
    # via gradio-client
    # via huggingface-hub
    # via lightning
    # via pytorch-lightning
    # via torch
gitdb==4.0.11
    # via gitpython
gitpython==3.1.43
    # via mlflow-skinny
google-auth==2.37.0
    # via databricks-sdk
gradio==4.44.1
    # via llamafactory
gradio-client==1.3.0
    # via gradio
graphene==3.4.3
    # via mlflow
graphql-core==3.2.5
    # via graphene
    # via graphql-relay
graphql-relay==3.2.0
    # via graphene
greenlet==3.1.1 ; (python_full_version < '3.13' and platform_machine == 'AMD64') or (python_full_version < '3.13' and platform_machine == 'WIN32') or (python_full_version < '3.13' and platform_machine == 'aarch64') or (python_full_version < '3.13' and platform_machine == 'amd64') or (python_full_version < '3.13' and platform_machine == 'ppc64le') or (python_full_version < '3.13' and platform_machine == 'win32') or (python_full_version < '3.13' and platform_machine == 'x86_64')
    # via sqlalchemy
grpcio==1.68.1
    # via tensorboard
gunicorn==23.0.0 ; platform_system != 'Windows'
    # via mlflow
h11==0.14.0
    # via httpcore
    # via uvicorn
hf-transfer==0.1.8
    # via huggingface-hub
httpcore==1.0.7
    # via httpx
httptools==0.6.4
    # via uvicorn
httpx==0.28.1
    # via gradio
    # via gradio-client
    # via litserve
    # via openai
huggingface-hub==0.26.5
    # via accelerate
    # via datasets
    # via evaluate
    # via gradio
    # via gradio-client
    # via litgpt
    # via peft
    # via tokenizers
    # via transformers
hydra-colorlog==1.2.0
hydra-core==1.3.2
    # via hydra-colorlog
idna==3.10
    # via anyio
    # via httpx
    # via requests
    # via yarl
imageio==2.36.1
    # via moviepy
imageio-ffmpeg==0.5.1
    # via moviepy
importlib-metadata==8.5.0
    # via mlflow-skinny
    # via opentelemetry-api
importlib-resources==6.4.5
    # via gradio
    # via typeshed-client
inquirerpy==0.3.4
    # via huggingface-hub
itsdangerous==2.2.0
    # via flask
jinja2==3.1.4
    # via flask
    # via gradio
    # via mlflow
    # via torch
jiter==0.8.2
    # via openai
jmespath==0.10.0
    # via boto3
    # via botocore
joblib==1.4.2
    # via librosa
    # via nltk
    # via scikit-learn
jsonargparse==4.32.1
    # via litgpt
jsonlines==4.0.0
    # via lm-eval
kiwisolver==1.4.7
    # via matplotlib
lazy-loader==0.4
    # via librosa
librosa==0.10.2.post1
lightning==2.4.0
    # via litgpt
lightning-utilities==0.11.9
    # via lightning
    # via pytorch-lightning
    # via torchmetrics
litdata==0.2.17
    # via litgpt
litgpt==0.5.3
litserve==0.2.5
    # via litgpt
llamafactory==0.9.1
llvmlite==0.43.0
    # via numba
lm-eval==0.4.5
    # via litgpt
lxml==5.3.0
    # via sacrebleu
mako==1.3.8
    # via alembic
markdown==3.7
    # via mlflow
    # via tensorboard
markdown-it-py==3.0.0
    # via rich
markupsafe==2.1.5
    # via gradio
    # via jinja2
    # via mako
    # via werkzeug
matplotlib==3.10.0
    # via gradio
    # via llamafactory
    # via mlflow
mbstrdecoder==1.1.3
    # via dataproperty
    # via pytablewriter
    # via typepy
mdurl==0.1.2
    # via markdown-it-py
mlflow==2.19.0
mlflow-skinny==2.19.0
    # via mlflow
more-itertools==10.5.0
    # via lm-eval
    # via openai-whisper
moviepy==2.1.1
mpmath==1.3.0
    # via sympy
msgpack==1.1.0
    # via librosa
multidict==6.1.0
    # via aiohttp
    # via yarl
multiprocess==0.70.16
    # via datasets
    # via evaluate
networkx==3.4.2
    # via torch
nltk==3.9.1
    # via rouge-score
numba==0.60.0
    # via librosa
    # via openai-whisper
numexpr==2.10.2
    # via lm-eval
numpy==1.26.4
    # via accelerate
    # via contourpy
    # via datasets
    # via evaluate
    # via gradio
    # via imageio
    # via librosa
    # via litdata
    # via litgpt
    # via llamafactory
    # via matplotlib
    # via mlflow
    # via moviepy
    # via numba
    # via numexpr
    # via openai-whisper
    # via pandas
    # via peft
    # via rouge-score
    # via sacrebleu
    # via scikit-learn
    # via scipy
    # via soxr
    # via tensorboard
    # via torchmetrics
    # via transformers
    # via trl
nvidia-cublas-cu11==11.11.3.6 ; platform_machine == 'x86_64' and platform_system == 'Linux'
    # via nvidia-cudnn-cu11
    # via nvidia-cusolver-cu11
    # via torch
nvidia-cuda-cupti-cu11==11.8.87 ; platform_machine == 'x86_64' and platform_system == 'Linux'
    # via torch
nvidia-cuda-nvrtc-cu11==11.8.89 ; platform_machine == 'x86_64' and platform_system == 'Linux'
    # via torch
nvidia-cuda-runtime-cu11==11.8.89 ; platform_machine == 'x86_64' and platform_system == 'Linux'
    # via torch
nvidia-cudnn-cu11==9.1.0.70 ; platform_machine == 'x86_64' and platform_system == 'Linux'
    # via torch
nvidia-cufft-cu11==10.9.0.58 ; platform_machine == 'x86_64' and platform_system == 'Linux'
    # via torch
nvidia-curand-cu11==10.3.0.86 ; platform_machine == 'x86_64' and platform_system == 'Linux'
    # via torch
nvidia-cusolver-cu11==11.4.1.48 ; platform_machine == 'x86_64' and platform_system == 'Linux'
    # via torch
nvidia-cusparse-cu11==11.7.5.86 ; platform_machine == 'x86_64' and platform_system == 'Linux'
    # via torch
nvidia-ml-py==12.535.161
    # via nvitop
nvidia-nccl-cu11==2.20.5 ; platform_machine == 'x86_64' and platform_system == 'Linux'
    # via torch
nvidia-nvtx-cu11==11.8.86 ; platform_machine == 'x86_64' and platform_system == 'Linux'
    # via torch
nvitop==1.3.2
omegaconf==2.3.0
    # via hydra-core
openai==1.57.4
openai-whisper==20240930
opentelemetry-api==1.29.0
    # via mlflow-skinny
    # via opentelemetry-sdk
    # via opentelemetry-semantic-conventions
opentelemetry-sdk==1.29.0
    # via mlflow-skinny
opentelemetry-semantic-conventions==0.50b0
    # via opentelemetry-sdk
orjson==3.10.12
    # via gradio
packaging==24.2
    # via accelerate
    # via datasets
    # via evaluate
    # via gradio
    # via gradio-client
    # via gunicorn
    # via huggingface-hub
    # via hydra-core
    # via lazy-loader
    # via lightning
    # via lightning-utilities
    # via llamafactory
    # via matplotlib
    # via mlflow-skinny
    # via peft
    # via pooch
    # via pytorch-lightning
    # via tensorboard
    # via torchmetrics
    # via transformers
    # via typepy
pandas==2.2.3
    # via datasets
    # via evaluate
    # via gradio
    # via litgpt
    # via llamafactory
    # via mlflow
pathvalidate==3.2.1
    # via pytablewriter
peft==0.12.0
    # via llamafactory
    # via lm-eval
pfzy==0.3.4
    # via inquirerpy
pillow==10.4.0
    # via gradio
    # via imageio
    # via matplotlib
    # via moviepy
platformdirs==4.3.6
    # via pooch
pooch==1.8.2
    # via librosa
portalocker==3.0.0
    # via sacrebleu
proglog==0.1.10
    # via moviepy
prompt-toolkit==3.0.48
    # via inquirerpy
propcache==0.2.1
    # via aiohttp
    # via yarl
protobuf==5.29.1
    # via llamafactory
    # via mlflow-skinny
    # via tensorboard
psutil==6.1.0
    # via accelerate
    # via nvitop
    # via peft
pyarrow==18.1.0
    # via datasets
    # via litgpt
    # via mlflow
pyasn1==0.6.1
    # via pyasn1-modules
    # via rsa
pyasn1-modules==0.4.1
    # via google-auth
pybind11==2.13.6
    # via lm-eval
pycparser==2.22
    # via cffi
pydantic==2.10.3
    # via fastapi
    # via gradio
    # via llamafactory
    # via openai
pydantic-core==2.27.1
    # via pydantic
pydub==0.25.1
    # via gradio
pygments==2.18.0
    # via rich
pyparsing==3.2.0
    # via matplotlib
pytablewriter==1.2.0
    # via lm-eval
python-dateutil==2.9.0.post0
    # via botocore
    # via graphene
    # via matplotlib
    # via pandas
    # via typepy
python-dotenv==1.0.1
    # via moviepy
    # via uvicorn
python-multipart==0.0.20
    # via gradio
pytorch-lightning==2.4.0
    # via lightning
pytz==2024.2
    # via pandas
    # via typepy
pywin32==308 ; sys_platform == 'win32' or platform_system == 'Windows'
    # via docker
    # via portalocker
pyyaml==6.0.2
    # via accelerate
    # via datasets
    # via gradio
    # via huggingface-hub
    # via jsonargparse
    # via lightning
    # via llamafactory
    # via mlflow-skinny
    # via omegaconf
    # via peft
    # via pytorch-lightning
    # via transformers
    # via uvicorn
regex==2024.11.6
    # via nltk
    # via sacrebleu
    # via tiktoken
    # via transformers
requests==2.32.3
    # via databricks-sdk
    # via datasets
    # via docker
    # via evaluate
    # via huggingface-hub
    # via litdata
    # via litgpt
    # via mlflow-skinny
    # via pooch
    # via tiktoken
    # via transformers
rich==13.9.4
    # via typer
    # via tyro
rouge-score==0.1.2
    # via lm-eval
rsa==4.9
    # via google-auth
ruff==0.8.3 ; sys_platform != 'emscripten'
    # via gradio
s3transfer==0.10.4
    # via boto3
sacrebleu==2.4.3
    # via lm-eval
safetensors==0.4.5
    # via accelerate
    # via litgpt
    # via peft
    # via transformers
scikit-learn==1.6.0
    # via librosa
    # via lm-eval
    # via mlflow
scipy==1.14.1
    # via bitsandbytes
    # via librosa
    # via llamafactory
    # via mlflow
    # via scikit-learn
semantic-version==2.10.0
    # via gradio
sentencepiece==0.2.0
    # via litgpt
    # via llamafactory
setuptools==69.5.1
    # via imageio-ffmpeg
    # via lightning-utilities
    # via pytablewriter
    # via tensorboard
shellingham==1.5.4 ; sys_platform != 'emscripten'
    # via typer
shtab==1.7.1
    # via tyro
six==1.17.0
    # via python-dateutil
    # via rouge-score
    # via tensorboard
smmap==5.0.1
    # via gitdb
sniffio==1.3.1
    # via anyio
    # via openai
soundfile==0.12.1
    # via librosa
soxr==0.5.0.post1
    # via librosa
sqlalchemy==2.0.36
    # via alembic
    # via mlflow
sqlitedict==2.1.0
    # via lm-eval
sqlparse==0.5.3
    # via mlflow-skinny
sse-starlette==2.1.3
    # via llamafactory
starlette==0.41.3
    # via fastapi
    # via sse-starlette
sympy==1.13.3
    # via torch
tabledata==1.3.3
    # via pytablewriter
tabulate==0.9.0
    # via sacrebleu
tcolorpy==0.1.6
    # via pytablewriter
tensorboard==2.18.0
    # via litgpt
tensorboard-data-server==0.7.2
    # via tensorboard
termcolor==2.5.0
    # via fire
    # via nvitop
threadpoolctl==3.5.0
    # via scikit-learn
tiktoken==0.8.0
    # via llamafactory
    # via openai-whisper
tokenizers==0.20.3
    # via litgpt
    # via transformers
tomlkit==0.12.0
    # via gradio
torch==2.4.1+cu118
    # via accelerate
    # via lightning
    # via litdata
    # via litgpt
    # via lm-eval
    # via openai-whisper
    # via peft
    # via pytorch-lightning
    # via torchmetrics
    # via trl
torchmetrics==1.6.0
    # via lightning
    # via litgpt
    # via pytorch-lightning
tqdm==4.67.1
    # via datasets
    # via evaluate
    # via huggingface-hub
    # via lightning
    # via litgpt
    # via nltk
    # via openai
    # via openai-whisper
    # via peft
    # via proglog
    # via pytorch-lightning
    # via tqdm-multiprocess
    # via transformers
tqdm-multiprocess==0.0.11
    # via lm-eval
transformers==4.46.1
    # via litgpt
    # via llamafactory
    # via lm-eval
    # via peft
    # via trl
triton==3.0.0 ; (platform_machine == 'x86_64' and platform_system != 'Linux' and sys_platform == 'linux') or (platform_system != 'Linux' and sys_platform == 'linux2') or (python_full_version < '3.13' and platform_machine == 'x86_64' and platform_system == 'Linux') or (platform_machine != 'x86_64' and sys_platform == 'linux2') or (python_full_version >= '3.13' and platform_machine == 'x86_64' and sys_platform == 'linux') or (python_full_version >= '3.13' and sys_platform == 'linux2')
    # via openai-whisper
    # via torch
trl==0.9.6
    # via llamafactory
typepy==1.3.2
    # via dataproperty
    # via pytablewriter
    # via tabledata
typer==0.15.1 ; sys_platform != 'emscripten'
    # via gradio
typeshed-client==2.7.0
    # via jsonargparse
typing-extensions==4.12.2
    # via alembic
    # via anyio
    # via fastapi
    # via gradio
    # via gradio-client
    # via graphene
    # via huggingface-hub
    # via librosa
    # via lightning
    # via lightning-utilities
    # via multidict
    # via openai
    # via opentelemetry-sdk
    # via pydantic
    # via pydantic-core
    # via pytorch-lightning
    # via rich
    # via sqlalchemy
    # via torch
    # via typer
    # via typeshed-client
    # via tyro
    # via uvicorn
tyro==0.8.14
    # via llamafactory
    # via trl
tzdata==2024.2
    # via pandas
urllib3==2.2.3
    # via botocore
    # via docker
    # via gradio
    # via requests
uvicorn==0.34.0
    # via gradio
    # via litserve
    # via llamafactory
    # via sse-starlette
uvloop==0.21.0 ; sys_platform != 'win32'
    # via litgpt
    # via uvicorn
waitress==3.0.2 ; platform_system == 'Windows'
    # via mlflow
watchfiles==1.0.3
    # via uvicorn
wcwidth==0.2.13
    # via prompt-toolkit
websockets==12.0
    # via gradio-client
    # via uvicorn
werkzeug==3.1.3
    # via flask
    # via tensorboard
windows-curses==2.4.0 ; platform_system == 'Windows'
    # via nvitop
word2number==1.1
    # via lm-eval
wrapt==1.17.0
    # via deprecated
xxhash==3.5.0
    # via datasets
    # via evaluate
yarl==1.18.3
    # via aiohttp
zipp==3.21.0
    # via importlib-metadata
zstandard==0.23.0
    # via litgpt
    # via lm-eval
