# generated by rye
# use `rye lock` or `rye sync` to update this lockfile
#
# last locked with the following flags:
#   pre: false
#   features: []
#   all-features: false
#   with-sources: false
#   generate-hashes: false
#   universal: true

absl-py==2.1.0
    # via rouge-score
    # via tensorboard
accelerate==1.2.1
    # via lm-eval
    # via peft
aiohappyeyeballs==2.4.4
    # via aiohttp
aiohttp==3.11.10
    # via datasets
    # via fsspec
aiosignal==1.3.2
    # via aiohttp
annotated-types==0.7.0
    # via pydantic
anyio==4.6.2.post1
    # via httpx
    # via jupyter-server
    # via openai
    # via starlette
    # via watchfiles
appnope==0.1.4 ; platform_system == 'Darwin'
    # via ipykernel
argon2-cffi==23.1.0
    # via jupyter-server
argon2-cffi-bindings==21.2.0
    # via argon2-cffi
arrow==1.3.0
    # via isoduration
asttokens==2.4.1
    # via stack-data
async-lru==2.0.4
    # via jupyterlab
async-timeout==5.0.1 ; python_full_version < '3.11'
    # via aiohttp
attrs==24.2.0
    # via aiohttp
    # via jsonlines
    # via jsonschema
    # via referencing
babel==2.16.0
    # via jupyterlab-server
    # via mkdocs-material
beautifulsoup4==4.12.3
    # via nbconvert
bitsandbytes==0.42.0
    # via litgpt
bleach==6.2.0
    # via nbconvert
boto3==1.35.81
    # via litdata
botocore==1.35.81
    # via boto3
    # via s3transfer
certifi==2024.8.30
    # via httpcore
    # via httpx
    # via requests
cffi==1.17.1
    # via argon2-cffi-bindings
    # via pyzmq
    # via zstandard
cfgv==3.4.0
    # via pre-commit
chardet==5.2.0
    # via mbstrdecoder
charset-normalizer==3.4.0
    # via requests
click==8.1.7
    # via genbadge
    # via mkdocs
    # via mkdocstrings
    # via nltk
    # via uvicorn
colorama==0.4.6
    # via click
    # via griffe
    # via ipython
    # via mkdocs
    # via mkdocs-material
    # via pytest
    # via sacrebleu
    # via tqdm
    # via tqdm-multiprocess
    # via uvicorn
comm==0.2.2
    # via ipykernel
    # via ipywidgets
coverage==7.6.4
    # via pytest-cov
dataproperty==1.0.1
    # via pytablewriter
    # via tabledata
datasets==3.2.0
    # via evaluate
    # via litgpt
    # via lm-eval
debugpy==1.8.8
    # via ipykernel
decorator==5.1.1
    # via ipython
defusedxml==0.7.1
    # via genbadge
    # via nbconvert
dill==0.3.8
    # via datasets
    # via evaluate
    # via lm-eval
    # via multiprocess
distlib==0.3.9
    # via virtualenv
distro==1.9.0
    # via openai
docstring-parser==0.16
    # via jsonargparse
evaluate==0.4.3
    # via lm-eval
exceptiongroup==1.2.2 ; python_full_version < '3.11'
    # via anyio
    # via ipython
    # via pytest
execnet==2.1.1
    # via pytest-xdist
executing==2.1.0
    # via stack-data
fastapi==0.115.6
    # via litserve
fastjsonschema==2.20.0
    # via nbformat
filelock==3.16.1
    # via datasets
    # via huggingface-hub
    # via litdata
    # via torch
    # via transformers
    # via triton
    # via virtualenv
fire==0.7.0
flake8==7.1.1
    # via flake8-html
flake8-html==0.4.3
    # via genbadge
fqdn==1.5.1
    # via jsonschema
frozenlist==1.5.0
    # via aiohttp
    # via aiosignal
fsspec==2024.9.0
    # via datasets
    # via evaluate
    # via huggingface-hub
    # via lightning
    # via pytorch-lightning
    # via torch
genbadge==1.1.1
ghp-import==2.1.0
    # via mkdocs
griffe==1.5.1
    # via griffe-typingdoc
    # via mkdocstrings-python
griffe-typingdoc==0.2.7
grpcio==1.68.1
    # via tensorboard
h11==0.14.0
    # via httpcore
    # via uvicorn
hf-transfer==0.1.8
    # via huggingface-hub
httpcore==1.0.6
    # via httpx
httptools==0.6.4
    # via uvicorn
httpx==0.28.0
    # via jupyterlab
    # via litserve
    # via openai
huggingface-hub==0.26.5
    # via accelerate
    # via datasets
    # via evaluate
    # via litgpt
    # via peft
    # via tokenizers
    # via transformers
identify==2.6.2
    # via pre-commit
idna==3.10
    # via anyio
    # via httpx
    # via jsonschema
    # via requests
    # via yarl
importlib-resources==6.4.5
    # via typeshed-client
iniconfig==2.0.0
    # via pytest
inquirerpy==0.3.4
    # via huggingface-hub
ipykernel==6.29.5
    # via jupyterlab
ipython==8.18.1
    # via ipykernel
    # via ipywidgets
ipywidgets==8.1.5
isoduration==20.11.0
    # via jsonschema
jedi==0.19.2
    # via ipython
jinja2==3.1.4
    # via flake8-html
    # via jupyter-server
    # via jupyterlab
    # via jupyterlab-server
    # via mkdocs
    # via mkdocs-material
    # via mkdocstrings
    # via nbconvert
    # via torch
jiter==0.8.2
    # via openai
jmespath==1.0.1
    # via boto3
    # via botocore
joblib==1.4.2
    # via nltk
    # via scikit-learn
json5==0.9.28
    # via jupyterlab-server
jsonargparse==4.32.1
    # via litgpt
jsonlines==4.0.0
    # via lm-eval
jsonpointer==3.0.0
    # via jsonschema
jsonschema==4.23.0
    # via jupyter-events
    # via jupyterlab-server
    # via nbformat
jsonschema-specifications==2024.10.1
    # via jsonschema
jupyter-client==8.6.3
    # via ipykernel
    # via jupyter-server
    # via nbclient
jupyter-core==5.7.2
    # via ipykernel
    # via jupyter-client
    # via jupyter-server
    # via jupyterlab
    # via nbclient
    # via nbconvert
    # via nbformat
jupyter-events==0.10.0
    # via jupyter-server
jupyter-lsp==2.2.5
    # via jupyterlab
jupyter-server==2.14.2
    # via jupyter-lsp
    # via jupyterlab
    # via jupyterlab-server
    # via notebook
    # via notebook-shim
jupyter-server-terminals==0.5.3
    # via jupyter-server
jupyterlab==4.3.2
    # via notebook
jupyterlab-pygments==0.3.0
    # via nbconvert
jupyterlab-server==2.27.3
    # via jupyterlab
    # via notebook
jupyterlab-widgets==3.0.13
    # via ipywidgets
lightning==2.4.0
    # via litgpt
lightning-utilities==0.11.9
    # via lightning
    # via pytorch-lightning
    # via torchmetrics
litdata==0.2.17
    # via litgpt
litgpt==0.5.3
litserve==0.2.5
    # via litgpt
lm-eval==0.4.5
    # via litgpt
lxml==5.3.0
    # via sacrebleu
markdown==3.7
    # via mkdocs
    # via mkdocs-autorefs
    # via mkdocs-material
    # via mkdocstrings
    # via pymdown-extensions
    # via tensorboard
markdown-it-py==3.0.0
    # via rich
markupsafe==3.0.2
    # via jinja2
    # via mkdocs
    # via mkdocs-autorefs
    # via mkdocstrings
    # via nbconvert
    # via werkzeug
matplotlib-inline==0.1.7
    # via ipykernel
    # via ipython
mbstrdecoder==1.1.3
    # via dataproperty
    # via pytablewriter
    # via typepy
mccabe==0.7.0
    # via flake8
mdurl==0.1.2
    # via markdown-it-py
mergedeep==1.3.4
    # via mkdocs
    # via mkdocs-get-deps
mistune==3.0.2
    # via nbconvert
mkdocs==1.6.1
    # via mkdocs-autorefs
    # via mkdocs-material
    # via mkdocstrings
mkdocs-autorefs==1.2.0
    # via mkdocstrings
    # via mkdocstrings-python
mkdocs-get-deps==0.2.0
    # via mkdocs
mkdocs-material==9.5.47
mkdocs-material-extensions==1.3.1
    # via mkdocs-material
mkdocstrings==0.27.0
    # via mkdocstrings-python
mkdocstrings-python==1.12.2
more-itertools==10.5.0
    # via lm-eval
mpmath==1.3.0
    # via sympy
multidict==6.1.0
    # via aiohttp
    # via yarl
multiprocess==0.70.16
    # via datasets
    # via evaluate
nbclient==0.10.0
    # via nbconvert
nbconvert==7.16.4
    # via jupyter-server
nbformat==5.10.4
    # via jupyter-server
    # via nbclient
    # via nbconvert
nest-asyncio==1.6.0
    # via ipykernel
networkx==3.4.2
    # via torch
nltk==3.9.1
    # via rouge-score
nodeenv==1.9.1
    # via pre-commit
notebook==7.3.1
notebook-shim==0.2.4
    # via jupyterlab
    # via notebook
numexpr==2.10.2
    # via lm-eval
numpy==1.26.4
    # via accelerate
    # via datasets
    # via evaluate
    # via litdata
    # via litgpt
    # via numexpr
    # via pandas
    # via peft
    # via rouge-score
    # via sacrebleu
    # via scikit-learn
    # via scipy
    # via tensorboard
    # via torchmetrics
    # via transformers
nvidia-cublas-cu11==11.11.3.6 ; platform_machine == 'x86_64' and platform_system == 'Linux'
    # via nvidia-cudnn-cu11
    # via nvidia-cusolver-cu11
    # via torch
nvidia-cuda-cupti-cu11==11.8.87 ; platform_machine == 'x86_64' and platform_system == 'Linux'
    # via torch
nvidia-cuda-nvrtc-cu11==11.8.89 ; platform_machine == 'x86_64' and platform_system == 'Linux'
    # via torch
nvidia-cuda-runtime-cu11==11.8.89 ; platform_machine == 'x86_64' and platform_system == 'Linux'
    # via torch
nvidia-cudnn-cu11==9.1.0.70 ; platform_machine == 'x86_64' and platform_system == 'Linux'
    # via torch
nvidia-cufft-cu11==10.9.0.58 ; platform_machine == 'x86_64' and platform_system == 'Linux'
    # via torch
nvidia-curand-cu11==10.3.0.86 ; platform_machine == 'x86_64' and platform_system == 'Linux'
    # via torch
nvidia-cusolver-cu11==11.4.1.48 ; platform_machine == 'x86_64' and platform_system == 'Linux'
    # via torch
nvidia-cusparse-cu11==11.7.5.86 ; platform_machine == 'x86_64' and platform_system == 'Linux'
    # via torch
nvidia-nccl-cu11==2.20.5 ; platform_machine == 'x86_64' and platform_system == 'Linux'
    # via torch
nvidia-nvtx-cu11==11.8.86 ; platform_machine == 'x86_64' and platform_system == 'Linux'
    # via torch
openai==1.57.4
overrides==7.7.0
    # via jupyter-server
packaging==24.2
    # via accelerate
    # via datasets
    # via evaluate
    # via huggingface-hub
    # via ipykernel
    # via jupyter-server
    # via jupyterlab
    # via jupyterlab-server
    # via lightning
    # via lightning-utilities
    # via mkdocs
    # via nbconvert
    # via peft
    # via pytest
    # via pytorch-lightning
    # via tensorboard
    # via torchmetrics
    # via transformers
    # via typepy
paginate==0.5.7
    # via mkdocs-material
pandas==2.2.3
    # via datasets
    # via evaluate
    # via litgpt
pandocfilters==1.5.1
    # via nbconvert
parso==0.8.4
    # via jedi
pathspec==0.12.1
    # via mkdocs
pathvalidate==3.2.1
    # via pytablewriter
peft==0.14.0
    # via lm-eval
pexpect==4.9.0 ; sys_platform != 'win32'
    # via ipython
pfzy==0.3.4
    # via inquirerpy
pillow==11.0.0
    # via genbadge
platformdirs==4.3.6
    # via jupyter-core
    # via mkdocs-get-deps
    # via mkdocstrings
    # via virtualenv
pluggy==1.5.0
    # via pytest
portalocker==3.0.0
    # via sacrebleu
pre-commit==4.0.1
prometheus-client==0.21.0
    # via jupyter-server
prompt-toolkit==3.0.48
    # via inquirerpy
    # via ipython
propcache==0.2.1
    # via aiohttp
    # via yarl
protobuf==5.29.1
    # via tensorboard
psutil==6.1.0
    # via accelerate
    # via ipykernel
    # via peft
ptyprocess==0.7.0 ; os_name != 'nt' or sys_platform != 'win32'
    # via pexpect
    # via terminado
pure-eval==0.2.3
    # via stack-data
pyarrow==18.1.0
    # via datasets
    # via litgpt
pybind11==2.13.6
    # via lm-eval
pycodestyle==2.12.1
    # via flake8
pycparser==2.22
    # via cffi
pydantic==2.10.3
    # via fastapi
    # via openai
pydantic-core==2.27.1
    # via pydantic
pyflakes==3.2.0
    # via flake8
pygments==2.18.0
    # via flake8-html
    # via ipython
    # via mkdocs-material
    # via nbconvert
    # via rich
pymdown-extensions==10.12
    # via mkdocs-material
    # via mkdocstrings
pytablewriter==1.2.0
    # via lm-eval
pytest==8.3.4
    # via pytest-asyncio
    # via pytest-cov
    # via pytest-xdist
pytest-asyncio==0.23.8
pytest-cov==6.0.0
pytest-xdist==3.6.1
python-dateutil==2.9.0.post0
    # via arrow
    # via botocore
    # via ghp-import
    # via jupyter-client
    # via pandas
    # via typepy
python-dotenv==1.0.1
    # via uvicorn
python-json-logger==2.0.7
    # via jupyter-events
pytorch-lightning==2.4.0
    # via lightning
pytz==2024.2
    # via pandas
    # via typepy
pywin32==308 ; (platform_python_implementation != 'PyPy' and sys_platform == 'win32') or platform_system == 'Windows'
    # via jupyter-core
    # via portalocker
pywinpty==2.0.14 ; os_name == 'nt'
    # via jupyter-server
    # via jupyter-server-terminals
    # via terminado
pyyaml==6.0.2
    # via accelerate
    # via datasets
    # via huggingface-hub
    # via jsonargparse
    # via jupyter-events
    # via lightning
    # via mkdocs
    # via mkdocs-get-deps
    # via peft
    # via pre-commit
    # via pymdown-extensions
    # via pytorch-lightning
    # via pyyaml-env-tag
    # via transformers
    # via uvicorn
pyyaml-env-tag==0.1
    # via mkdocs
pyzmq==26.2.0
    # via ipykernel
    # via jupyter-client
    # via jupyter-server
referencing==0.35.1
    # via jsonschema
    # via jsonschema-specifications
    # via jupyter-events
regex==2024.11.6
    # via mkdocs-material
    # via nltk
    # via sacrebleu
    # via transformers
requests==2.32.3
    # via datasets
    # via evaluate
    # via genbadge
    # via huggingface-hub
    # via jupyterlab-server
    # via litdata
    # via litgpt
    # via mkdocs-material
    # via transformers
rfc3339-validator==0.1.4
    # via jsonschema
    # via jupyter-events
rfc3986-validator==0.1.1
    # via jsonschema
    # via jupyter-events
rich==13.9.4
rouge-score==0.1.2
    # via lm-eval
rpds-py==0.21.0
    # via jsonschema
    # via referencing
s3transfer==0.10.4
    # via boto3
sacrebleu==2.4.3
    # via lm-eval
safetensors==0.4.5
    # via accelerate
    # via litgpt
    # via peft
    # via transformers
scikit-learn==1.6.0
    # via lm-eval
scipy==1.14.1
    # via bitsandbytes
    # via scikit-learn
send2trash==1.8.3
    # via jupyter-server
sentencepiece==0.2.0
    # via litgpt
setuptools==75.4.0
    # via genbadge
    # via jupyterlab
    # via lightning-utilities
    # via pytablewriter
    # via tensorboard
six==1.16.0
    # via asttokens
    # via python-dateutil
    # via rfc3339-validator
    # via rouge-score
    # via tensorboard
sniffio==1.3.1
    # via anyio
    # via openai
soupsieve==2.6
    # via beautifulsoup4
sqlitedict==2.1.0
    # via lm-eval
stack-data==0.6.3
    # via ipython
starlette==0.41.3
    # via fastapi
sympy==1.13.3
    # via torch
tabledata==1.3.3
    # via pytablewriter
tabulate==0.9.0
    # via sacrebleu
tcolorpy==0.1.6
    # via pytablewriter
tensorboard==2.18.0
    # via litgpt
tensorboard-data-server==0.7.2
    # via tensorboard
termcolor==2.5.0
    # via fire
terminado==0.18.1
    # via jupyter-server
    # via jupyter-server-terminals
threadpoolctl==3.5.0
    # via scikit-learn
tinycss2==1.4.0
    # via nbconvert
tokenizers==0.21.0
    # via litgpt
    # via transformers
tomli==2.1.0 ; python_full_version <= '3.11'
    # via coverage
    # via jupyterlab
    # via pytest
torch==2.4.1+cu118
    # via accelerate
    # via lightning
    # via litdata
    # via litgpt
    # via lm-eval
    # via peft
    # via pytorch-lightning
    # via torchmetrics
torchmetrics==1.6.0
    # via lightning
    # via litgpt
    # via pytorch-lightning
tornado==6.4.1
    # via ipykernel
    # via jupyter-client
    # via jupyter-server
    # via jupyterlab
    # via notebook
    # via terminado
tqdm==4.67.1
    # via datasets
    # via evaluate
    # via huggingface-hub
    # via lightning
    # via litgpt
    # via nltk
    # via openai
    # via peft
    # via pytorch-lightning
    # via tqdm-multiprocess
    # via transformers
tqdm-multiprocess==0.0.11
    # via lm-eval
traitlets==5.14.3
    # via comm
    # via ipykernel
    # via ipython
    # via ipywidgets
    # via jupyter-client
    # via jupyter-core
    # via jupyter-events
    # via jupyter-server
    # via jupyterlab
    # via matplotlib-inline
    # via nbclient
    # via nbconvert
    # via nbformat
transformers==4.47.0
    # via litgpt
    # via lm-eval
    # via peft
triton==3.0.0 ; python_full_version < '3.13' and platform_machine == 'x86_64' and platform_system == 'Linux'
    # via torch
typepy==1.3.2
    # via dataproperty
    # via pytablewriter
    # via tabledata
types-python-dateutil==2.9.0.20241003
    # via arrow
typeshed-client==2.7.0
    # via jsonargparse
typing-extensions==4.12.2
    # via anyio
    # via async-lru
    # via fastapi
    # via griffe-typingdoc
    # via huggingface-hub
    # via lightning
    # via lightning-utilities
    # via multidict
    # via openai
    # via pydantic
    # via pydantic-core
    # via pytorch-lightning
    # via rich
    # via torch
    # via typeshed-client
    # via uvicorn
tzdata==2024.2
    # via pandas
uri-template==1.3.0
    # via jsonschema
urllib3==2.2.3
    # via botocore
    # via requests
uvicorn==0.34.0
    # via litserve
uvloop==0.21.0 ; sys_platform != 'win32'
    # via litgpt
    # via uvicorn
virtualenv==20.27.1
    # via pre-commit
watchdog==6.0.0
    # via mkdocs
watchfiles==1.0.3
    # via uvicorn
wcwidth==0.2.13
    # via prompt-toolkit
webcolors==24.11.1
    # via jsonschema
webencodings==0.5.1
    # via bleach
    # via tinycss2
websocket-client==1.8.0
    # via jupyter-server
websockets==14.1
    # via uvicorn
werkzeug==3.1.3
    # via tensorboard
widgetsnbextension==4.0.13
    # via ipywidgets
word2number==1.1
    # via lm-eval
xxhash==3.5.0
    # via datasets
    # via evaluate
yarl==1.18.3
    # via aiohttp
zstandard==0.23.0
    # via litgpt
    # via lm-eval
